// !$*UTF8*$!
{
	archiveVersion = 1;
	classes = {
	};
	objectVersion = 51;
	objects = {

/* Begin PBXBuildFile section */
		79246F25230346160024A271 /* TrailController.swift in Sources */ = {isa = PBXBuildFile; fileRef = 79246F24230346160024A271 /* TrailController.swift */; };
		79246F272303E7940024A271 /* TopicCollectionViewCell.swift in Sources */ = {isa = PBXBuildFile; fileRef = 79246F262303E7940024A271 /* TopicCollectionViewCell.swift */; };
		79246F292303EEF20024A271 /* TopicController.swift in Sources */ = {isa = PBXBuildFile; fileRef = 79246F282303EEF20024A271 /* TopicController.swift */; };
		792D70EB2301D743005859AB /* BaseCollectionController.swift in Sources */ = {isa = PBXBuildFile; fileRef = 792D70EA2301D743005859AB /* BaseCollectionController.swift */; };
		792D70ED2301DDB6005859AB /* ListTrailCollectionHeader.swift in Sources */ = {isa = PBXBuildFile; fileRef = 792D70EC2301DDB6005859AB /* ListTrailCollectionHeader.swift */; };
		792D70F02301DE61005859AB /* ConfigurableView.swift in Sources */ = {isa = PBXBuildFile; fileRef = 792D70EF2301DE61005859AB /* ConfigurableView.swift */; };
		792D70F22301E21D005859AB /* UIView+Extension.swift in Sources */ = {isa = PBXBuildFile; fileRef = 792D70F12301E21D005859AB /* UIView+Extension.swift */; };
		792D70F42301FA70005859AB /* ListTrailCollectionCell.swift in Sources */ = {isa = PBXBuildFile; fileRef = 792D70F32301FA70005859AB /* ListTrailCollectionCell.swift */; };
		792D70F62302F08C005859AB /* RoundableImage.swift in Sources */ = {isa = PBXBuildFile; fileRef = 792D70F52302F08C005859AB /* RoundableImage.swift */; };
		792D70F823031861005859AB /* MyTrailsController.swift in Sources */ = {isa = PBXBuildFile; fileRef = 792D70F723031861005859AB /* MyTrailsController.swift */; };
		793B05B822F25925005F3878 /* AppDelegate.swift in Sources */ = {isa = PBXBuildFile; fileRef = 793B05B722F25925005F3878 /* AppDelegate.swift */; };
		793B05BA22F25925005F3878 /* ListTrailsController.swift in Sources */ = {isa = PBXBuildFile; fileRef = 793B05B922F25925005F3878 /* ListTrailsController.swift */; };
		793B05BF22F25925005F3878 /* Assets.xcassets in Resources */ = {isa = PBXBuildFile; fileRef = 793B05BE22F25925005F3878 /* Assets.xcassets */; };
		793B05C222F25925005F3878 /* LaunchScreen.storyboard in Resources */ = {isa = PBXBuildFile; fileRef = 793B05C022F25925005F3878 /* LaunchScreen.storyboard */; };
		793B05CD22F25925005F3878 /* SigmaTests.swift in Sources */ = {isa = PBXBuildFile; fileRef = 793B05CC22F25925005F3878 /* SigmaTests.swift */; };
		793B05DC22F25B38005F3878 /* CustomTabBarController.swift in Sources */ = {isa = PBXBuildFile; fileRef = 793B05DB22F25B38005F3878 /* CustomTabBarController.swift */; };
		79921881230872CA00EA5054 /* Service.swift in Sources */ = {isa = PBXBuildFile; fileRef = 79921880230872CA00EA5054 /* Service.swift */; };
		79921883230877A500EA5054 /* Decodable+Extension.swift in Sources */ = {isa = PBXBuildFile; fileRef = 79921882230877A500EA5054 /* Decodable+Extension.swift */; };
		8F02E0591FB3CD83B4669F6E /* Pods_Sigma.framework in Frameworks */ = {isa = PBXBuildFile; fileRef = A2FF8E59082EBA05CE9C5268 /* Pods_Sigma.framework */; };
		A45F788C23044AD100EBAD28 /* UILabel+Extension.swift in Sources */ = {isa = PBXBuildFile; fileRef = A45F788B23044AD100EBAD28 /* UILabel+Extension.swift */; };
		D0A43C0D4D117FBB8F2F2077 /* Pods_SigmaTests.framework in Frameworks */ = {isa = PBXBuildFile; fileRef = A554029AAA7722B4B939B0BC /* Pods_SigmaTests.framework */; };
/* End PBXBuildFile section */

/* Begin PBXContainerItemProxy section */
		793B05C922F25925005F3878 /* PBXContainerItemProxy */ = {
			isa = PBXContainerItemProxy;
			containerPortal = 793B05AC22F25925005F3878 /* Project object */;
			proxyType = 1;
			remoteGlobalIDString = 793B05B322F25925005F3878;
			remoteInfo = Sigma;
		};
/* End PBXContainerItemProxy section */

/* Begin PBXFileReference section */
		44DDB5D44A1E4D15D52DCBAB /* Pods-SigmaTests.release.xcconfig */ = {isa = PBXFileReference; includeInIndex = 1; lastKnownFileType = text.xcconfig; name = "Pods-SigmaTests.release.xcconfig"; path = "Target Support Files/Pods-SigmaTests/Pods-SigmaTests.release.xcconfig"; sourceTree = "<group>"; };
		60F54E9ACBC82574E0E0FA6F /* Pods-SigmaTests.debug.xcconfig */ = {isa = PBXFileReference; includeInIndex = 1; lastKnownFileType = text.xcconfig; name = "Pods-SigmaTests.debug.xcconfig"; path = "Target Support Files/Pods-SigmaTests/Pods-SigmaTests.debug.xcconfig"; sourceTree = "<group>"; };
		79246F24230346160024A271 /* TrailController.swift */ = {isa = PBXFileReference; lastKnownFileType = sourcecode.swift; path = TrailController.swift; sourceTree = "<group>"; };
		79246F262303E7940024A271 /* TopicCollectionViewCell.swift */ = {isa = PBXFileReference; lastKnownFileType = sourcecode.swift; path = TopicCollectionViewCell.swift; sourceTree = "<group>"; };
		79246F282303EEF20024A271 /* TopicController.swift */ = {isa = PBXFileReference; lastKnownFileType = sourcecode.swift; path = TopicController.swift; sourceTree = "<group>"; };
		792D70EA2301D743005859AB /* BaseCollectionController.swift */ = {isa = PBXFileReference; lastKnownFileType = sourcecode.swift; path = BaseCollectionController.swift; sourceTree = "<group>"; };
		792D70EC2301DDB6005859AB /* ListTrailCollectionHeader.swift */ = {isa = PBXFileReference; lastKnownFileType = sourcecode.swift; path = ListTrailCollectionHeader.swift; sourceTree = "<group>"; };
		792D70EF2301DE61005859AB /* ConfigurableView.swift */ = {isa = PBXFileReference; lastKnownFileType = sourcecode.swift; path = ConfigurableView.swift; sourceTree = "<group>"; };
		792D70F12301E21D005859AB /* UIView+Extension.swift */ = {isa = PBXFileReference; lastKnownFileType = sourcecode.swift; path = "UIView+Extension.swift"; sourceTree = "<group>"; };
		792D70F32301FA70005859AB /* ListTrailCollectionCell.swift */ = {isa = PBXFileReference; lastKnownFileType = sourcecode.swift; path = ListTrailCollectionCell.swift; sourceTree = "<group>"; };
		792D70F52302F08C005859AB /* RoundableImage.swift */ = {isa = PBXFileReference; lastKnownFileType = sourcecode.swift; path = RoundableImage.swift; sourceTree = "<group>"; };
		792D70F723031861005859AB /* MyTrailsController.swift */ = {isa = PBXFileReference; lastKnownFileType = sourcecode.swift; path = MyTrailsController.swift; sourceTree = "<group>"; };
		793B05B422F25925005F3878 /* Sigma.app */ = {isa = PBXFileReference; explicitFileType = wrapper.application; includeInIndex = 0; path = Sigma.app; sourceTree = BUILT_PRODUCTS_DIR; };
		793B05B722F25925005F3878 /* AppDelegate.swift */ = {isa = PBXFileReference; lastKnownFileType = sourcecode.swift; path = AppDelegate.swift; sourceTree = "<group>"; };
		793B05B922F25925005F3878 /* ListTrailsController.swift */ = {isa = PBXFileReference; lastKnownFileType = sourcecode.swift; path = ListTrailsController.swift; sourceTree = "<group>"; };
		793B05BE22F25925005F3878 /* Assets.xcassets */ = {isa = PBXFileReference; lastKnownFileType = folder.assetcatalog; path = Assets.xcassets; sourceTree = "<group>"; };
		793B05C122F25925005F3878 /* Base */ = {isa = PBXFileReference; lastKnownFileType = file.storyboard; name = Base; path = Base.lproj/LaunchScreen.storyboard; sourceTree = "<group>"; };
		793B05C322F25925005F3878 /* Info.plist */ = {isa = PBXFileReference; lastKnownFileType = text.plist.xml; path = Info.plist; sourceTree = "<group>"; };
		793B05C822F25925005F3878 /* SigmaTests.xctest */ = {isa = PBXFileReference; explicitFileType = wrapper.cfbundle; includeInIndex = 0; path = SigmaTests.xctest; sourceTree = BUILT_PRODUCTS_DIR; };
		793B05CC22F25925005F3878 /* SigmaTests.swift */ = {isa = PBXFileReference; lastKnownFileType = sourcecode.swift; path = SigmaTests.swift; sourceTree = "<group>"; };
		793B05CE22F25925005F3878 /* Info.plist */ = {isa = PBXFileReference; lastKnownFileType = text.plist.xml; path = Info.plist; sourceTree = "<group>"; };
		793B05DB22F25B38005F3878 /* CustomTabBarController.swift */ = {isa = PBXFileReference; lastKnownFileType = sourcecode.swift; path = CustomTabBarController.swift; sourceTree = "<group>"; };
		79921880230872CA00EA5054 /* Service.swift */ = {isa = PBXFileReference; lastKnownFileType = sourcecode.swift; path = Service.swift; sourceTree = "<group>"; };
		79921882230877A500EA5054 /* Decodable+Extension.swift */ = {isa = PBXFileReference; lastKnownFileType = sourcecode.swift; path = "Decodable+Extension.swift"; sourceTree = "<group>"; };
		A2FF8E59082EBA05CE9C5268 /* Pods_Sigma.framework */ = {isa = PBXFileReference; explicitFileType = wrapper.framework; includeInIndex = 0; path = Pods_Sigma.framework; sourceTree = BUILT_PRODUCTS_DIR; };
		A45F788B23044AD100EBAD28 /* UILabel+Extension.swift */ = {isa = PBXFileReference; lastKnownFileType = sourcecode.swift; path = "UILabel+Extension.swift"; sourceTree = "<group>"; };
		A554029AAA7722B4B939B0BC /* Pods_SigmaTests.framework */ = {isa = PBXFileReference; explicitFileType = wrapper.framework; includeInIndex = 0; path = Pods_SigmaTests.framework; sourceTree = BUILT_PRODUCTS_DIR; };
		B560AF46E8AA8ECC1216EFB7 /* Pods-Sigma.debug.xcconfig */ = {isa = PBXFileReference; includeInIndex = 1; lastKnownFileType = text.xcconfig; name = "Pods-Sigma.debug.xcconfig"; path = "Target Support Files/Pods-Sigma/Pods-Sigma.debug.xcconfig"; sourceTree = "<group>"; };
		EEEEDEA125099C5AF68C9091 /* Pods-Sigma.release.xcconfig */ = {isa = PBXFileReference; includeInIndex = 1; lastKnownFileType = text.xcconfig; name = "Pods-Sigma.release.xcconfig"; path = "Target Support Files/Pods-Sigma/Pods-Sigma.release.xcconfig"; sourceTree = "<group>"; };
/* End PBXFileReference section */

/* Begin PBXFrameworksBuildPhase section */
		793B05B122F25925005F3878 /* Frameworks */ = {
			isa = PBXFrameworksBuildPhase;
			buildActionMask = 2147483647;
			files = (
				8F02E0591FB3CD83B4669F6E /* Pods_Sigma.framework in Frameworks */,
			);
			runOnlyForDeploymentPostprocessing = 0;
		};
		793B05C522F25925005F3878 /* Frameworks */ = {
			isa = PBXFrameworksBuildPhase;
			buildActionMask = 2147483647;
			files = (
				D0A43C0D4D117FBB8F2F2077 /* Pods_SigmaTests.framework in Frameworks */,
			);
			runOnlyForDeploymentPostprocessing = 0;
		};
/* End PBXFrameworksBuildPhase section */

/* Begin PBXGroup section */
		792D70EE2301DE4E005859AB /* Protocol */ = {
			isa = PBXGroup;
			children = (
				792D70EF2301DE61005859AB /* ConfigurableView.swift */,
			);
			path = Protocol;
			sourceTree = "<group>";
		};
		793B05AB22F25925005F3878 = {
			isa = PBXGroup;
			children = (
				793B05B622F25925005F3878 /* Sigma */,
				793B05CB22F25925005F3878 /* SigmaTests */,
				793B05B522F25925005F3878 /* Products */,
				B2C050815BCED238BBBC053A /* Pods */,
				BEE1EC28A22A41A54641038B /* Frameworks */,
			);
			sourceTree = "<group>";
		};
		793B05B522F25925005F3878 /* Products */ = {
			isa = PBXGroup;
			children = (
				793B05B422F25925005F3878 /* Sigma.app */,
				793B05C822F25925005F3878 /* SigmaTests.xctest */,
			);
			name = Products;
			sourceTree = "<group>";
		};
		793B05B622F25925005F3878 /* Sigma */ = {
			isa = PBXGroup;
			children = (
				7992187F230872AE00EA5054 /* Service */,
				A45F788A230448E800EBAD28 /* Extensions */,
				792D70EE2301DE4E005859AB /* Protocol */,
				793B05DA22F2596E005F3878 /* View */,
				793B05D922F25967005F3878 /* View Model */,
				793B05D822F25963005F3878 /* Controller */,
				793B05D722F2595E005F3878 /* Model */,
				793B05B722F25925005F3878 /* AppDelegate.swift */,
				793B05BE22F25925005F3878 /* Assets.xcassets */,
				793B05C022F25925005F3878 /* LaunchScreen.storyboard */,
				793B05C322F25925005F3878 /* Info.plist */,
			);
			path = Sigma;
			sourceTree = "<group>";
		};
		793B05CB22F25925005F3878 /* SigmaTests */ = {
			isa = PBXGroup;
			children = (
				793B05CC22F25925005F3878 /* SigmaTests.swift */,
				793B05CE22F25925005F3878 /* Info.plist */,
			);
			path = SigmaTests;
			sourceTree = "<group>";
		};
		793B05D722F2595E005F3878 /* Model */ = {
			isa = PBXGroup;
			children = (
			);
			path = Model;
			sourceTree = "<group>";
		};
		793B05D822F25963005F3878 /* Controller */ = {
			isa = PBXGroup;
			children = (
				793B05B922F25925005F3878 /* ListTrailsController.swift */,
				793B05DB22F25B38005F3878 /* CustomTabBarController.swift */,
				792D70EA2301D743005859AB /* BaseCollectionController.swift */,
				792D70F723031861005859AB /* MyTrailsController.swift */,
				79246F24230346160024A271 /* TrailController.swift */,
				79246F282303EEF20024A271 /* TopicController.swift */,
			);
			path = Controller;
			sourceTree = "<group>";
		};
		793B05D922F25967005F3878 /* View Model */ = {
			isa = PBXGroup;
			children = (
			);
			path = "View Model";
			sourceTree = "<group>";
		};
		793B05DA22F2596E005F3878 /* View */ = {
			isa = PBXGroup;
			children = (
				792D70EC2301DDB6005859AB /* ListTrailCollectionHeader.swift */,
				792D70F32301FA70005859AB /* ListTrailCollectionCell.swift */,
				792D70F52302F08C005859AB /* RoundableImage.swift */,
				79246F262303E7940024A271 /* TopicCollectionViewCell.swift */,
			);
			path = View;
			sourceTree = "<group>";
		};
		7992187F230872AE00EA5054 /* Service */ = {
			isa = PBXGroup;
			children = (
				79921880230872CA00EA5054 /* Service.swift */,
			);
			path = Service;
			sourceTree = "<group>";
		};
		A45F788A230448E800EBAD28 /* Extensions */ = {
			isa = PBXGroup;
			children = (
				A45F788B23044AD100EBAD28 /* UILabel+Extension.swift */,
				792D70F12301E21D005859AB /* UIView+Extension.swift */,
				79921882230877A500EA5054 /* Decodable+Extension.swift */,
			);
			path = Extensions;
			sourceTree = "<group>";
		};
		B2C050815BCED238BBBC053A /* Pods */ = {
			isa = PBXGroup;
			children = (
				B560AF46E8AA8ECC1216EFB7 /* Pods-Sigma.debug.xcconfig */,
				EEEEDEA125099C5AF68C9091 /* Pods-Sigma.release.xcconfig */,
				60F54E9ACBC82574E0E0FA6F /* Pods-SigmaTests.debug.xcconfig */,
				44DDB5D44A1E4D15D52DCBAB /* Pods-SigmaTests.release.xcconfig */,
			);
			path = Pods;
			sourceTree = "<group>";
		};
		BEE1EC28A22A41A54641038B /* Frameworks */ = {
			isa = PBXGroup;
			children = (
				A2FF8E59082EBA05CE9C5268 /* Pods_Sigma.framework */,
				A554029AAA7722B4B939B0BC /* Pods_SigmaTests.framework */,
			);
			name = Frameworks;
			sourceTree = "<group>";
		};
/* End PBXGroup section */

/* Begin PBXNativeTarget section */
		793B05B322F25925005F3878 /* Sigma */ = {
			isa = PBXNativeTarget;
			buildConfigurationList = 793B05D122F25925005F3878 /* Build configuration list for PBXNativeTarget "Sigma" */;
			buildPhases = (
				2A5C135CBA30D6F1FB104AA1 /* [CP] Check Pods Manifest.lock */,
				793B05B022F25925005F3878 /* Sources */,
				793B05B122F25925005F3878 /* Frameworks */,
				793B05B222F25925005F3878 /* Resources */,
				793B05DD22F278E3005F3878 /* Swift Lint */,
				9ECC9DA28C571EE25892FA60 /* [CP] Embed Pods Frameworks */,
			);
			buildRules = (
			);
			dependencies = (
			);
			name = Sigma;
			productName = Sigma;
			productReference = 793B05B422F25925005F3878 /* Sigma.app */;
			productType = "com.apple.product-type.application";
		};
		793B05C722F25925005F3878 /* SigmaTests */ = {
			isa = PBXNativeTarget;
			buildConfigurationList = 793B05D422F25925005F3878 /* Build configuration list for PBXNativeTarget "SigmaTests" */;
			buildPhases = (
				802C8E6C14A3EEA300F88A68 /* [CP] Check Pods Manifest.lock */,
				793B05C422F25925005F3878 /* Sources */,
				793B05C522F25925005F3878 /* Frameworks */,
				793B05C622F25925005F3878 /* Resources */,
				E720969B07D7EB294D712B50 /* [CP] Embed Pods Frameworks */,
			);
			buildRules = (
			);
			dependencies = (
				793B05CA22F25925005F3878 /* PBXTargetDependency */,
			);
			name = SigmaTests;
			productName = SigmaTests;
			productReference = 793B05C822F25925005F3878 /* SigmaTests.xctest */;
			productType = "com.apple.product-type.bundle.unit-test";
		};
/* End PBXNativeTarget section */

/* Begin PBXProject section */
		793B05AC22F25925005F3878 /* Project object */ = {
			isa = PBXProject;
			attributes = {
				LastSwiftUpdateCheck = 1030;
				LastUpgradeCheck = 1030;
				ORGANIZATIONNAME = "Vinicius Mangueira";
				TargetAttributes = {
					793B05B322F25925005F3878 = {
						CreatedOnToolsVersion = 10.3;
					};
					793B05C722F25925005F3878 = {
						CreatedOnToolsVersion = 10.3;
						TestTargetID = 793B05B322F25925005F3878;
					};
				};
			};
			buildConfigurationList = 793B05AF22F25925005F3878 /* Build configuration list for PBXProject "Sigma" */;
			compatibilityVersion = "Xcode 9.3";
			developmentRegion = en;
			hasScannedForEncodings = 0;
			knownRegions = (
				en,
				Base,
			);
			mainGroup = 793B05AB22F25925005F3878;
			productRefGroup = 793B05B522F25925005F3878 /* Products */;
			projectDirPath = "";
			projectRoot = "";
			targets = (
				793B05B322F25925005F3878 /* Sigma */,
				793B05C722F25925005F3878 /* SigmaTests */,
			);
		};
/* End PBXProject section */

/* Begin PBXResourcesBuildPhase section */
		793B05B222F25925005F3878 /* Resources */ = {
			isa = PBXResourcesBuildPhase;
			buildActionMask = 2147483647;
			files = (
				793B05C222F25925005F3878 /* LaunchScreen.storyboard in Resources */,
				793B05BF22F25925005F3878 /* Assets.xcassets in Resources */,
			);
			runOnlyForDeploymentPostprocessing = 0;
		};
		793B05C622F25925005F3878 /* Resources */ = {
			isa = PBXResourcesBuildPhase;
			buildActionMask = 2147483647;
			files = (
			);
			runOnlyForDeploymentPostprocessing = 0;
		};
/* End PBXResourcesBuildPhase section */

/* Begin PBXShellScriptBuildPhase section */
		2A5C135CBA30D6F1FB104AA1 /* [CP] Check Pods Manifest.lock */ = {
			isa = PBXShellScriptBuildPhase;
			buildActionMask = 2147483647;
			files = (
			);
			inputFileListPaths = (
			);
			inputPaths = (
				"${PODS_PODFILE_DIR_PATH}/Podfile.lock",
				"${PODS_ROOT}/Manifest.lock",
			);
			name = "[CP] Check Pods Manifest.lock";
			outputFileListPaths = (
			);
			outputPaths = (
				"$(DERIVED_FILE_DIR)/Pods-Sigma-checkManifestLockResult.txt",
			);
			runOnlyForDeploymentPostprocessing = 0;
			shellPath = /bin/sh;
			shellScript = "diff \"${PODS_PODFILE_DIR_PATH}/Podfile.lock\" \"${PODS_ROOT}/Manifest.lock\" > /dev/null\nif [ $? != 0 ] ; then\n    # print error to STDERR\n    echo \"error: The sandbox is not in sync with the Podfile.lock. Run 'pod install' or update your CocoaPods installation.\" >&2\n    exit 1\nfi\n# This output is used by Xcode 'outputs' to avoid re-running this script phase.\necho \"SUCCESS\" > \"${SCRIPT_OUTPUT_FILE_0}\"\n";
			showEnvVarsInLog = 0;
		};
		793B05DD22F278E3005F3878 /* Swift Lint */ = {
			isa = PBXShellScriptBuildPhase;
			buildActionMask = 2147483647;
			files = (
			);
			inputFileListPaths = (
			);
			inputPaths = (
			);
			name = "Swift Lint";
			outputFileListPaths = (
			);
			outputPaths = (
			);
			runOnlyForDeploymentPostprocessing = 0;
			shellPath = /bin/sh;
			shellScript = "# Type a script or drag a script file from your workspace to insert its path.\n\nif which swiftlint >/dev/null; then\nswiftlint\nelse\necho \"warning: SwiftLint not installed, download from https://github.com/realm/SwiftLint\"\nfi\n";
		};
		802C8E6C14A3EEA300F88A68 /* [CP] Check Pods Manifest.lock */ = {
			isa = PBXShellScriptBuildPhase;
			buildActionMask = 2147483647;
			files = (
			);
			inputFileListPaths = (
			);
			inputPaths = (
				"${PODS_PODFILE_DIR_PATH}/Podfile.lock",
				"${PODS_ROOT}/Manifest.lock",
			);
			name = "[CP] Check Pods Manifest.lock";
			outputFileListPaths = (
			);
			outputPaths = (
				"$(DERIVED_FILE_DIR)/Pods-SigmaTests-checkManifestLockResult.txt",
			);
			runOnlyForDeploymentPostprocessing = 0;
			shellPath = /bin/sh;
			shellScript = "diff \"${PODS_PODFILE_DIR_PATH}/Podfile.lock\" \"${PODS_ROOT}/Manifest.lock\" > /dev/null\nif [ $? != 0 ] ; then\n    # print error to STDERR\n    echo \"error: The sandbox is not in sync with the Podfile.lock. Run 'pod install' or update your CocoaPods installation.\" >&2\n    exit 1\nfi\n# This output is used by Xcode 'outputs' to avoid re-running this script phase.\necho \"SUCCESS\" > \"${SCRIPT_OUTPUT_FILE_0}\"\n";
			showEnvVarsInLog = 0;
		};
		9ECC9DA28C571EE25892FA60 /* [CP] Embed Pods Frameworks */ = {
			isa = PBXShellScriptBuildPhase;
			buildActionMask = 2147483647;
			files = (
			);
			inputFileListPaths = (
				"${PODS_ROOT}/Target Support Files/Pods-Sigma/Pods-Sigma-frameworks-${CONFIGURATION}-input-files.xcfilelist",
			);
			name = "[CP] Embed Pods Frameworks";
			outputFileListPaths = (
				"${PODS_ROOT}/Target Support Files/Pods-Sigma/Pods-Sigma-frameworks-${CONFIGURATION}-output-files.xcfilelist",
			);
			runOnlyForDeploymentPostprocessing = 0;
			shellPath = /bin/sh;
			shellScript = "\"${PODS_ROOT}/Target Support Files/Pods-Sigma/Pods-Sigma-frameworks.sh\"\n";
			showEnvVarsInLog = 0;
		};
		E720969B07D7EB294D712B50 /* [CP] Embed Pods Frameworks */ = {
			isa = PBXShellScriptBuildPhase;
			buildActionMask = 2147483647;
			files = (
			);
			inputFileListPaths = (
				"${PODS_ROOT}/Target Support Files/Pods-SigmaTests/Pods-SigmaTests-frameworks-${CONFIGURATION}-input-files.xcfilelist",
			);
			name = "[CP] Embed Pods Frameworks";
			outputFileListPaths = (
				"${PODS_ROOT}/Target Support Files/Pods-SigmaTests/Pods-SigmaTests-frameworks-${CONFIGURATION}-output-files.xcfilelist",
			);
			runOnlyForDeploymentPostprocessing = 0;
			shellPath = /bin/sh;
			shellScript = "\"${PODS_ROOT}/Target Support Files/Pods-SigmaTests/Pods-SigmaTests-frameworks.sh\"\n";
			showEnvVarsInLog = 0;
		};
/* End PBXShellScriptBuildPhase section */

/* Begin PBXSourcesBuildPhase section */
		793B05B022F25925005F3878 /* Sources */ = {
			isa = PBXSourcesBuildPhase;
			buildActionMask = 2147483647;
			files = (
				792D70EB2301D743005859AB /* BaseCollectionController.swift in Sources */,
				79246F25230346160024A271 /* TrailController.swift in Sources */,
				79921881230872CA00EA5054 /* Service.swift in Sources */,
				792D70F22301E21D005859AB /* UIView+Extension.swift in Sources */,
				793B05BA22F25925005F3878 /* ListTrailsController.swift in Sources */,
				792D70ED2301DDB6005859AB /* ListTrailCollectionHeader.swift in Sources */,
				792D70F823031861005859AB /* MyTrailsController.swift in Sources */,
				792D70F42301FA70005859AB /* ListTrailCollectionCell.swift in Sources */,
				79246F272303E7940024A271 /* TopicCollectionViewCell.swift in Sources */,
				79246F292303EEF20024A271 /* TopicController.swift in Sources */,
				792D70F02301DE61005859AB /* ConfigurableView.swift in Sources */,
				A45F788C23044AD100EBAD28 /* UILabel+Extension.swift in Sources */,
				793B05B822F25925005F3878 /* AppDelegate.swift in Sources */,
				79921883230877A500EA5054 /* Decodable+Extension.swift in Sources */,
				793B05DC22F25B38005F3878 /* CustomTabBarController.swift in Sources */,
				792D70F62302F08C005859AB /* RoundableImage.swift in Sources */,
			);
			runOnlyForDeploymentPostprocessing = 0;
		};
		793B05C422F25925005F3878 /* Sources */ = {
			isa = PBXSourcesBuildPhase;
			buildActionMask = 2147483647;
			files = (
				793B05CD22F25925005F3878 /* SigmaTests.swift in Sources */,
			);
			runOnlyForDeploymentPostprocessing = 0;
		};
/* End PBXSourcesBuildPhase section */

/* Begin PBXTargetDependency section */
		793B05CA22F25925005F3878 /* PBXTargetDependency */ = {
			isa = PBXTargetDependency;
			target = 793B05B322F25925005F3878 /* Sigma */;
			targetProxy = 793B05C922F25925005F3878 /* PBXContainerItemProxy */;
		};
/* End PBXTargetDependency section */

/* Begin PBXVariantGroup section */
		793B05C022F25925005F3878 /* LaunchScreen.storyboard */ = {
			isa = PBXVariantGroup;
			children = (
				793B05C122F25925005F3878 /* Base */,
			);
			name = LaunchScreen.storyboard;
			sourceTree = "<group>";
		};
/* End PBXVariantGroup section */

/* Begin XCBuildConfiguration section */
		793B05CF22F25925005F3878 /* Debug */ = {
			isa = XCBuildConfiguration;
			buildSettings = {
				ALWAYS_SEARCH_USER_PATHS = NO;
				CLANG_ANALYZER_NONNULL = YES;
				CLANG_ANALYZER_NUMBER_OBJECT_CONVERSION = YES_AGGRESSIVE;
				CLANG_CXX_LANGUAGE_STANDARD = "gnu++14";
				CLANG_CXX_LIBRARY = "libc++";
				CLANG_ENABLE_MODULES = YES;
				CLANG_ENABLE_OBJC_ARC = YES;
				CLANG_ENABLE_OBJC_WEAK = YES;
				CLANG_WARN_BLOCK_CAPTURE_AUTORELEASING = YES;
				CLANG_WARN_BOOL_CONVERSION = YES;
				CLANG_WARN_COMMA = YES;
				CLANG_WARN_CONSTANT_CONVERSION = YES;
				CLANG_WARN_DEPRECATED_OBJC_IMPLEMENTATIONS = YES;
				CLANG_WARN_DIRECT_OBJC_ISA_USAGE = YES_ERROR;
				CLANG_WARN_DOCUMENTATION_COMMENTS = YES;
				CLANG_WARN_EMPTY_BODY = YES;
				CLANG_WARN_ENUM_CONVERSION = YES;
				CLANG_WARN_INFINITE_RECURSION = YES;
				CLANG_WARN_INT_CONVERSION = YES;
				CLANG_WARN_NON_LITERAL_NULL_CONVERSION = YES;
				CLANG_WARN_OBJC_IMPLICIT_RETAIN_SELF = YES;
				CLANG_WARN_OBJC_LITERAL_CONVERSION = YES;
				CLANG_WARN_OBJC_ROOT_CLASS = YES_ERROR;
				CLANG_WARN_RANGE_LOOP_ANALYSIS = YES;
				CLANG_WARN_STRICT_PROTOTYPES = YES;
				CLANG_WARN_SUSPICIOUS_MOVE = YES;
				CLANG_WARN_UNGUARDED_AVAILABILITY = YES_AGGRESSIVE;
				CLANG_WARN_UNREACHABLE_CODE = YES;
				CLANG_WARN__DUPLICATE_METHOD_MATCH = YES;
				CODE_SIGN_IDENTITY = "iPhone Developer";
				COPY_PHASE_STRIP = NO;
				DEBUG_INFORMATION_FORMAT = dwarf;
				ENABLE_STRICT_OBJC_MSGSEND = YES;
				ENABLE_TESTABILITY = YES;
				GCC_C_LANGUAGE_STANDARD = gnu11;
				GCC_DYNAMIC_NO_PIC = NO;
				GCC_NO_COMMON_BLOCKS = YES;
				GCC_OPTIMIZATION_LEVEL = 0;
				GCC_PREPROCESSOR_DEFINITIONS = (
					"DEBUG=1",
					"$(inherited)",
				);
				GCC_WARN_64_TO_32_BIT_CONVERSION = YES;
				GCC_WARN_ABOUT_RETURN_TYPE = YES_ERROR;
				GCC_WARN_UNDECLARED_SELECTOR = YES;
				GCC_WARN_UNINITIALIZED_AUTOS = YES_AGGRESSIVE;
				GCC_WARN_UNUSED_FUNCTION = YES;
				GCC_WARN_UNUSED_VARIABLE = YES;
				IPHONEOS_DEPLOYMENT_TARGET = 12.4;
				MTL_ENABLE_DEBUG_INFO = INCLUDE_SOURCE;
				MTL_FAST_MATH = YES;
				ONLY_ACTIVE_ARCH = YES;
				SDKROOT = iphoneos;
				SWIFT_ACTIVE_COMPILATION_CONDITIONS = DEBUG;
				SWIFT_OPTIMIZATION_LEVEL = "-Onone";
			};
			name = Debug;
		};
		793B05D022F25925005F3878 /* Release */ = {
			isa = XCBuildConfiguration;
			buildSettings = {
				ALWAYS_SEARCH_USER_PATHS = NO;
				CLANG_ANALYZER_NONNULL = YES;
				CLANG_ANALYZER_NUMBER_OBJECT_CONVERSION = YES_AGGRESSIVE;
				CLANG_CXX_LANGUAGE_STANDARD = "gnu++14";
				CLANG_CXX_LIBRARY = "libc++";
				CLANG_ENABLE_MODULES = YES;
				CLANG_ENABLE_OBJC_ARC = YES;
				CLANG_ENABLE_OBJC_WEAK = YES;
				CLANG_WARN_BLOCK_CAPTURE_AUTORELEASING = YES;
				CLANG_WARN_BOOL_CONVERSION = YES;
				CLANG_WARN_COMMA = YES;
				CLANG_WARN_CONSTANT_CONVERSION = YES;
				CLANG_WARN_DEPRECATED_OBJC_IMPLEMENTATIONS = YES;
				CLANG_WARN_DIRECT_OBJC_ISA_USAGE = YES_ERROR;
				CLANG_WARN_DOCUMENTATION_COMMENTS = YES;
				CLANG_WARN_EMPTY_BODY = YES;
				CLANG_WARN_ENUM_CONVERSION = YES;
				CLANG_WARN_INFINITE_RECURSION = YES;
				CLANG_WARN_INT_CONVERSION = YES;
				CLANG_WARN_NON_LITERAL_NULL_CONVERSION = YES;
				CLANG_WARN_OBJC_IMPLICIT_RETAIN_SELF = YES;
				CLANG_WARN_OBJC_LITERAL_CONVERSION = YES;
				CLANG_WARN_OBJC_ROOT_CLASS = YES_ERROR;
				CLANG_WARN_RANGE_LOOP_ANALYSIS = YES;
				CLANG_WARN_STRICT_PROTOTYPES = YES;
				CLANG_WARN_SUSPICIOUS_MOVE = YES;
				CLANG_WARN_UNGUARDED_AVAILABILITY = YES_AGGRESSIVE;
				CLANG_WARN_UNREACHABLE_CODE = YES;
				CLANG_WARN__DUPLICATE_METHOD_MATCH = YES;
				CODE_SIGN_IDENTITY = "iPhone Developer";
				COPY_PHASE_STRIP = NO;
				DEBUG_INFORMATION_FORMAT = "dwarf-with-dsym";
				ENABLE_NS_ASSERTIONS = NO;
				ENABLE_STRICT_OBJC_MSGSEND = YES;
				GCC_C_LANGUAGE_STANDARD = gnu11;
				GCC_NO_COMMON_BLOCKS = YES;
				GCC_WARN_64_TO_32_BIT_CONVERSION = YES;
				GCC_WARN_ABOUT_RETURN_TYPE = YES_ERROR;
				GCC_WARN_UNDECLARED_SELECTOR = YES;
				GCC_WARN_UNINITIALIZED_AUTOS = YES_AGGRESSIVE;
				GCC_WARN_UNUSED_FUNCTION = YES;
				GCC_WARN_UNUSED_VARIABLE = YES;
				IPHONEOS_DEPLOYMENT_TARGET = 12.4;
				MTL_ENABLE_DEBUG_INFO = NO;
				MTL_FAST_MATH = YES;
				SDKROOT = iphoneos;
				SWIFT_COMPILATION_MODE = wholemodule;
				SWIFT_OPTIMIZATION_LEVEL = "-O";
				VALIDATE_PRODUCT = YES;
			};
			name = Release;
		};
		793B05D222F25925005F3878 /* Debug */ = {
			isa = XCBuildConfiguration;
			baseConfigurationReference = B560AF46E8AA8ECC1216EFB7 /* Pods-Sigma.debug.xcconfig */;
			buildSettings = {
				ASSETCATALOG_COMPILER_APPICON_NAME = AppIcon;
				CODE_SIGN_STYLE = Automatic;
				DEVELOPMENT_TEAM = 86RABURUKS;
				INFOPLIST_FILE = Sigma/Info.plist;
				IPHONEOS_DEPLOYMENT_TARGET = 12.2;
				LD_RUNPATH_SEARCH_PATHS = (
					"$(inherited)",
					"@executable_path/Frameworks",
				);
				PRODUCT_BUNDLE_IDENTIFIER = com.academy.Sigma;
				PRODUCT_NAME = "$(TARGET_NAME)";
				SWIFT_VERSION = 5.0;
				TARGETED_DEVICE_FAMILY = "1,2";
			};
			name = Debug;
		};
		793B05D322F25925005F3878 /* Release */ = {
			isa = XCBuildConfiguration;
			baseConfigurationReference = EEEEDEA125099C5AF68C9091 /* Pods-Sigma.release.xcconfig */;
			buildSettings = {
				ASSETCATALOG_COMPILER_APPICON_NAME = AppIcon;
				CODE_SIGN_STYLE = Automatic;
				DEVELOPMENT_TEAM = 86RABURUKS;
				INFOPLIST_FILE = Sigma/Info.plist;
				IPHONEOS_DEPLOYMENT_TARGET = 12.2;
				LD_RUNPATH_SEARCH_PATHS = (
					"$(inherited)",
					"@executable_path/Frameworks",
				);
				PRODUCT_BUNDLE_IDENTIFIER = com.academy.Sigma;
				PRODUCT_NAME = "$(TARGET_NAME)";
				SWIFT_VERSION = 5.0;
				TARGETED_DEVICE_FAMILY = "1,2";
			};
			name = Release;
		};
		793B05D522F25925005F3878 /* Debug */ = {
			isa = XCBuildConfiguration;
			baseConfigurationReference = 60F54E9ACBC82574E0E0FA6F /* Pods-SigmaTests.debug.xcconfig */;
			buildSettings = {
				ALWAYS_EMBED_SWIFT_STANDARD_LIBRARIES = YES;
				BUNDLE_LOADER = "$(TEST_HOST)";
				CODE_SIGN_STYLE = Automatic;
				DEVELOPMENT_TEAM = 86RABURUKS;
				INFOPLIST_FILE = SigmaTests/Info.plist;
				LD_RUNPATH_SEARCH_PATHS = (
					"$(inherited)",
					"@executable_path/Frameworks",
					"@loader_path/Frameworks",
				);
				PRODUCT_BUNDLE_IDENTIFIER = com.academy.SigmaTests;
				PRODUCT_NAME = "$(TARGET_NAME)";
				SWIFT_VERSION = 5.0;
				TARGETED_DEVICE_FAMILY = "1,2";
				TEST_HOST = "$(BUILT_PRODUCTS_DIR)/Sigma.app/Sigma";
			};
			name = Debug;
		};
		793B05D622F25925005F3878 /* Release */ = {
			isa = XCBuildConfiguration;
			baseConfigurationReference = 44DDB5D44A1E4D15D52DCBAB /* Pods-SigmaTests.release.xcconfig */;
			buildSettings = {
				ALWAYS_EMBED_SWIFT_STANDARD_LIBRARIES = YES;
				BUNDLE_LOADER = "$(TEST_HOST)";
				CODE_SIGN_STYLE = Automatic;
				DEVELOPMENT_TEAM = 86RABURUKS;
				INFOPLIST_FILE = SigmaTests/Info.plist;
				LD_RUNPATH_SEARCH_PATHS = (
					"$(inherited)",
					"@executable_path/Frameworks",
					"@loader_path/Frameworks",
				);
				PRODUCT_BUNDLE_IDENTIFIER = com.academy.SigmaTests;
				PRODUCT_NAME = "$(TARGET_NAME)";
				SWIFT_VERSION = 5.0;
				TARGETED_DEVICE_FAMILY = "1,2";
				TEST_HOST = "$(BUILT_PRODUCTS_DIR)/Sigma.app/Sigma";
			};
			name = Release;
		};
/* End XCBuildConfiguration section */

/* Begin XCConfigurationList section */
		793B05AF22F25925005F3878 /* Build configuration list for PBXProject "Sigma" */ = {
			isa = XCConfigurationList;
			buildConfigurations = (
				793B05CF22F25925005F3878 /* Debug */,
				793B05D022F25925005F3878 /* Release */,
			);
			defaultConfigurationIsVisible = 0;
			defaultConfigurationName = Release;
		};
		793B05D122F25925005F3878 /* Build configuration list for PBXNativeTarget "Sigma" */ = {
			isa = XCConfigurationList;
			buildConfigurations = (
				793B05D222F25925005F3878 /* Debug */,
				793B05D322F25925005F3878 /* Release */,
			);
			defaultConfigurationIsVisible = 0;
			defaultConfigurationName = Release;
		};
		793B05D422F25925005F3878 /* Build configuration list for PBXNativeTarget "SigmaTests" */ = {
			isa = XCConfigurationList;
			buildConfigurations = (
				793B05D522F25925005F3878 /* Debug */,
				793B05D622F25925005F3878 /* Release */,
			);
			defaultConfigurationIsVisible = 0;
			defaultConfigurationName = Release;
		};
/* End XCConfigurationList section */
	};
	rootObject = 793B05AC22F25925005F3878 /* Project object */;
}
